
Microsoft Visual Studio Solution File, Format Version 12.00
# Visual Studio Version 17
VisualStudioVersion = 17.8.34322.80
MinimumVisualStudioVersion = 10.0.40219.1
Project("{2150E333-8FDC-42A3-9474-1A3956D46DE8}") = "Solution Items", "Solution Items", "{5E69544D-78D5-4944-BCBB-E9E94896C8E9}"
	ProjectSection(SolutionItems) = preProject
		.editorconfig = .editorconfig
		.gitignore = .gitignore
		build.cmd = build.cmd
		checkinTest.cmd = checkinTest.cmd
		CopyrightChecks.cmd = CopyrightChecks.cmd
		Directory.Build.Props = Directory.Build.Props
		LICENSE = LICENSE
		SHLLC-Logo.128.100.jpg = SHLLC-Logo.128.100.jpg
		SHLLC-Logo.jpg = SHLLC-Logo.jpg
	EndProjectSection
EndProject
Project("{9A19103F-16F7-4668-BE54-9A1E7A4F7556}") = "ExceptionsAndHandlers", "ExceptionsAndHandlers\ExceptionsAndHandlers.csproj", "{3E056EEA-49D9-414F-9004-CDF603148906}"
EndProject
Project("{9A19103F-16F7-4668-BE54-9A1E7A4F7556}") = "ExceptionsAndHandlersUT", "ExceptionsAndHandlersUT\ExceptionsAndHandlersUT.csproj", "{4FB6F707-59A3-46C7-86CF-A029D86C8C86}"
EndProject
Project("{9A19103F-16F7-4668-BE54-9A1E7A4F7556}") = "ExceptionsAndHandlersExample", "ExceptionAndHandlersExample\ExceptionsAndHandlersExample.csproj", "{A38C5258-380C-4AAB-B3E9-9249F2526AE8}"
EndProject
Global
	GlobalSection(SolutionConfigurationPlatforms) = preSolution
		Debug|Any CPU = Debug|Any CPU
		Release|Any CPU = Release|Any CPU
	EndGlobalSection
	GlobalSection(ProjectConfigurationPlatforms) = postSolution
		{3E056EEA-49D9-414F-9004-CDF603148906}.Debug|Any CPU.ActiveCfg = Debug|Any CPU
		{3E056EEA-49D9-414F-9004-CDF603148906}.Debug|Any CPU.Build.0 = Debug|Any CPU
		{3E056EEA-49D9-414F-9004-CDF603148906}.Release|Any CPU.ActiveCfg = Release|Any CPU
		{3E056EEA-49D9-414F-9004-CDF603148906}.Release|Any CPU.Build.0 = Release|Any CPU
		{4FB6F707-59A3-46C7-86CF-A029D86C8C86}.Debug|Any CPU.ActiveCfg = Debug|Any CPU
		{4FB6F707-59A3-46C7-86CF-A029D86C8C86}.Debug|Any CPU.Build.0 = Debug|Any CPU
		{4FB6F707-59A3-46C7-86CF-A029D86C8C86}.Release|Any CPU.ActiveCfg = Release|Any CPU
		{4FB6F707-59A3-46C7-86CF-A029D86C8C86}.Release|Any CPU.Build.0 = Release|Any CPU
		{A38C5258-380C-4AAB-B3E9-9249F2526AE8}.Debug|Any CPU.ActiveCfg = Debug|Any CPU
		{A38C5258-380C-4AAB-B3E9-9249F2526AE8}.Debug|Any CPU.Build.0 = Debug|Any CPU
		{A38C5258-380C-4AAB-B3E9-9249F2526AE8}.Release|Any CPU.ActiveCfg = Release|Any CPU
		{A38C5258-380C-4AAB-B3E9-9249F2526AE8}.Release|Any CPU.Build.0 = Release|Any CPU
	EndGlobalSection
	GlobalSection(SolutionProperties) = preSolution
		HideSolutionNode = FALSE
	EndGlobalSection
	GlobalSection(ExtensibilityGlobals) = postSolution
		SolutionGuid = {8A21DC0F-8CFC-426D-8193-E44D5767384D}
	EndGlobalSection
EndGlobal
